
Microsoft Visual Studio Solution File, Format Version 12.00
# Visual Studio Version 16
VisualStudioVersion = 16.0.32802.440
MinimumVisualStudioVersion = 10.0.40219.1
Project("{8BC9CEB8-8B4A-11D0-8D11-00A0C91BC942}") = "project1", "project1.vcxproj", "{D0E80950-FEE9-47BE-97DF-A6EA77140CBB}"
EndProject
Global
	GlobalSection(SolutionConfigurationPlatforms) = preSolution
		Debug|x64 = Debug|x64
		Debug|x86 = Debug|x86
		Release|x64 = Release|x64
		Release|x86 = Release|x86
	EndGlobalSection
	GlobalSection(ProjectConfigurationPlatforms) = postSolution
		{D0E80950-FEE9-47BE-97DF-A6EA77140CBB}.Debug|x64.ActiveCfg = Debug|x64
		{D0E80950-FEE9-47BE-97DF-A6EA77140CBB}.Debug|x64.Build.0 = Debug|x64
		{D0E80950-FEE9-47BE-97DF-A6EA77140CBB}.Debug|x86.ActiveCfg = Debug|Win32
		{D0E80950-FEE9-47BE-97DF-A6EA77140CBB}.Debug|x86.Build.0 = Debug|Win32
		{D0E80950-FEE9-47BE-97DF-A6EA77140CBB}.Release|x64.ActiveCfg = Release|x64
		{D0E80950-FEE9-47BE-97DF-A6EA77140CBB}.Release|x64.Build.0 = Release|x64
		{D0E80950-FEE9-47BE-97DF-A6EA77140CBB}.Release|x86.ActiveCfg = Release|Win32
		{D0E80950-FEE9-47BE-97DF-A6EA77140CBB}.Release|x86.Build.0 = Release|Win32
	EndGlobalSection
	GlobalSection(SolutionProperties) = preSolution
		HideSolutionNode = FALSE
	EndGlobalSection
	GlobalSection(ExtensibilityGlobals) = postSolution
		SolutionGuid = {83457762-BA7D-4F55-B3F7-1D27CA3E958A}
	EndGlobalSection
EndGlobal
